
Microsoft Visual Studio Solution File, Format Version 12.00
# Visual Studio Version 18
VisualStudioVersion = 18.0.11205.157 d18.0
MinimumVisualStudioVersion = 10.0.40219.1
Project("{FAE04EC0-301F-11D3-BF4B-00C04F79EFBC}") = "UniversityRegistration.Api", "UniversityRegistration.Api.csproj", "{9BC6309E-CB7D-4AAE-DA13-EED2EA661770}"
EndProject
Global
	GlobalSection(SolutionConfigurationPlatforms) = preSolution
		Debug|Any CPU = Debug|Any CPU
		Release|Any CPU = Release|Any CPU
	EndGlobalSection
	GlobalSection(ProjectConfigurationPlatforms) = postSolution
		{9BC6309E-CB7D-4AAE-DA13-EED2EA661770}.Debug|Any CPU.ActiveCfg = Debug|Any CPU
		{9BC6309E-CB7D-4AAE-DA13-EED2EA661770}.Debug|Any CPU.Build.0 = Debug|Any CPU
		{9BC6309E-CB7D-4AAE-DA13-EED2EA661770}.Release|Any CPU.ActiveCfg = Release|Any CPU
		{9BC6309E-CB7D-4AAE-DA13-EED2EA661770}.Release|Any CPU.Build.0 = Release|Any CPU
	EndGlobalSection
	GlobalSection(SolutionProperties) = preSolution
		HideSolutionNode = FALSE
	EndGlobalSection
	GlobalSection(ExtensibilityGlobals) = postSolution
		SolutionGuid = {2E464FCB-7458-4E9E-B196-1181A00EDC45}
	EndGlobalSection
EndGlobal
